{
  "version": 4,
  "terraform_version": "1.14.1",
  "serial": 3,
  "lineage": "4f2d0305-660f-5c45-d5ab-b3cccbbd8784",
  "outputs": {},
  "resources": [
    {
      "mode": "managed",
      "type": "yandex_compute_instance",
      "name": "imported_vm",
      "provider": "provider[\"registry.terraform.io/yandex-cloud/yandex\"]",
      "instances": [
        {
          "schema_version": 1,
          "attributes": {
            "allow_recreate": null,
            "allow_stopping_for_update": null,
            "boot_disk": [
              {
                "auto_delete": true,
                "device_name": "fv49t6jlksld255rrtsi",
                "disk_id": "fv49t6jlksld255rrtsi",
                "initialize_params": [
                  {
                    "block_size": 4096,
                    "description": "",
                    "image_id": "fd89nl7rpq3plgh1dmtu",
                    "name": "disk-ubuntu-22-04-lts-os-login-1765226687990",
                    "size": 15,
                    "snapshot_id": "",
                    "type": "network-ssd"
                  }
                ],
                "mode": "READ_WRITE"
              }
            ],
            "created_at": "2025-12-08T20:46:45Z",
            "description": "",
            "filesystem": [],
            "folder_id": "b1gf5vj355lei0keitdf",
            "fqdn": "manvm.ru-central1.internal",
            "gpu_cluster_id": "",
            "hostname": "manvm",
            "id": "fv4u0b913qq4peou3kff",
            "labels": {},
            "local_disk": [],
            "maintenance_grace_period": "",
            "maintenance_policy": null,
            "metadata": {
              "ssh-keys": "ubuntu:ssh-rsa AAAAB3NzaC1yc2EAAAADAQABAAABgQDPWptpmt3rVeEheZkjcEXo2DOZbWQy4BVxvYgqwmJScFEdlqR6QVwOGk7kWI63xZoUA7m2IhJHkn8PGg75t8fbESEq+z5G41+lp6kmpPJyzsUzAaH4hM3/NRfA0m0pTX0/CNNPUfwvH/vhM1ei1jwFvY6kfa3hpGGRL/IgBmsVWIF9vOdgqNC//Nfo39cawX9vgAojXP8VfX6QTVJSjyEriNslG8/s3QM8B7DT1ncIGbzkEZ2Ha19oDO/vjGmaPGcVcjDY1yW+7a+gCtUU43gVQKokuo806lSOVwLMN6ZbbJpzurmhT4muTNlr59r4dB+0ULoI4xZGlRyr/C028KFXd2fiO7ftAXc6WarhToDFIe47Nx/IGlgnxfu0mIULdlE1NaMrLnQi6lzOwFVetAFceef+TqQ0tfHiCrg8hv13TXPOJ8l4DhaxHTvz6u08Gb+mkrLgbtXvE3Xojsnx4MqMQOon+VAkpQdrnbddRZGK1OPLus/6ToQVZ2n15XiYU6k= damnc@Excelsor-PC",
              "user-data": "#cloud-config\ndatasource:\n Ec2:\n  strict_id: false\nssh_pwauth: no\nusers:\n- name: ubuntu\n  sudo: ALL=(ALL) NOPASSWD:ALL\n  shell: /bin/bash\n  ssh_authorized_keys:\n  - ssh-rsa AAAAB3NzaC1yc2EAAAADAQABAAABgQDPWptpmt3rVeEheZkjcEXo2DOZbWQy4BVxvYgqwmJScFEdlqR6QVwOGk7kWI63xZoUA7m2IhJHkn8PGg75t8fbESEq+z5G41+lp6kmpPJyzsUzAaH4hM3/NRfA0m0pTX0/CNNPUfwvH/vhM1ei1jwFvY6kfa3hpGGRL/IgBmsVWIF9vOdgqNC//Nfo39cawX9vgAojXP8VfX6QTVJSjyEriNslG8/s3QM8B7DT1ncIGbzkEZ2Ha19oDO/vjGmaPGcVcjDY1yW+7a+gCtUU43gVQKokuo806lSOVwLMN6ZbbJpzurmhT4muTNlr59r4dB+0ULoI4xZGlRyr/C028KFXd2fiO7ftAXc6WarhToDFIe47Nx/IGlgnxfu0mIULdlE1NaMrLnQi6lzOwFVetAFceef+TqQ0tfHiCrg8hv13TXPOJ8l4DhaxHTvz6u08Gb+mkrLgbtXvE3Xojsnx4MqMQOon+VAkpQdrnbddRZGK1OPLus/6ToQVZ2n15XiYU6k= damnc@Excelsor-PC"
            },
            "metadata_options": [
              {
                "aws_v1_http_endpoint": 1,
                "aws_v1_http_token": 2,
                "gce_http_endpoint": 1,
                "gce_http_token": 1
              }
            ],
            "name": "manvm",
            "network_acceleration_type": "standard",
            "network_interface": [
              {
                "dns_record": [],
                "index": 0,
                "ip_address": "10.130.0.5",
                "ipv4": true,
                "ipv6": false,
                "ipv6_address": "",
                "ipv6_dns_record": [],
                "mac_address": "d0:0d:1e:02:d2:11",
                "nat": true,
                "nat_dns_record": [],
                "nat_ip_address": "130.193.35.191",
                "nat_ip_version": "IPV4",
                "security_group_ids": [
                  "enpp31ehvi7jd4bfiofa"
                ],
                "subnet_id": "fl8vq649ife95molg4cl"
              }
            ],
            "placement_policy": [
              {
                "host_affinity_rules": [],
                "placement_group_id": "",
                "placement_group_partition": 0
              }
            ],
            "platform_id": "standard-v3",
            "resources": [
              {
                "core_fraction": 100,
                "cores": 2,
                "gpus": 0,
                "memory": 2
              }
            ],
            "scheduling_policy": [
              {
                "preemptible": false
              }
            ],
            "secondary_disk": [],
            "service_account_id": "",
            "status": "running",
            "timeouts": null,
            "zone": "ru-central1-d"
          },
          "sensitive_attributes": [],
          "identity_schema_version": 0,
          "private": "eyJlMmJmYjczMC1lY2FhLTExZTYtOGY4OC0zNDM2M2JjN2M0YzAiOnsiY3JlYXRlIjozMDAwMDAwMDAwMDAsImRlbGV0ZSI6MzAwMDAwMDAwMDAwLCJ1cGRhdGUiOjMwMDAwMDAwMDAwMH0sInNjaGVtYV92ZXJzaW9uIjoiMSJ9"
        }
      ]
    }
  ],
  "check_results": null
}
